
Microsoft Visual Studio Solution File, Format Version 12.00
# Visual Studio Version 17
VisualStudioVersion = 17.8.34525.116
MinimumVisualStudioVersion = 10.0.40219.1
Project("{FAE04EC0-301F-11D3-BF4B-00C04F79EFBC}") = "DemoTestingApp", "DemoTestingApp\DemoTestingApp.csproj", "{32F414FB-7C58-45EF-94ED-4C958B7FC447}"
EndProject
Global
	GlobalSection(SolutionConfigurationPlatforms) = preSolution
		Debug|Any CPU = Debug|Any CPU
		Release|Any CPU = Release|Any CPU
	EndGlobalSection
	GlobalSection(ProjectConfigurationPlatforms) = postSolution
		{32F414FB-7C58-45EF-94ED-4C958B7FC447}.Debug|Any CPU.ActiveCfg = Debug|Any CPU
		{32F414FB-7C58-45EF-94ED-4C958B7FC447}.Debug|Any CPU.Build.0 = Debug|Any CPU
		{32F414FB-7C58-45EF-94ED-4C958B7FC447}.Release|Any CPU.ActiveCfg = Release|Any CPU
		{32F414FB-7C58-45EF-94ED-4C958B7FC447}.Release|Any CPU.Build.0 = Release|Any CPU
	EndGlobalSection
	GlobalSection(SolutionProperties) = preSolution
		HideSolutionNode = FALSE
	EndGlobalSection
	GlobalSection(ExtensibilityGlobals) = postSolution
		SolutionGuid = {6F5F0245-920E-486E-973F-3F49E978501E}
	EndGlobalSection
EndGlobal
